
Microsoft Visual Studio Solution File, Format Version 12.00
# Visual Studio 15
VisualStudioVersion = 15.0.27130.2010
MinimumVisualStudioVersion = 10.0.40219.1
Project("{9A19103F-16F7-4668-BE54-9A1E7A4F7556}") = "KnockKnockReadifyChallenge.Api", "API\KnockKnockReadifyChallenge.Api.csproj", "{36406888-9CDD-4190-A1AD-AEF7CB83E27A}"
EndProject
Project("{FAE04EC0-301F-11D3-BF4B-00C04F79EFBC}") = "KnockKnockReadifyChallenge.Middlewares", "KnockKnockReadifyChallenge.Middlewares\KnockKnockReadifyChallenge.Middlewares.csproj", "{0800AFA7-BE06-4699-ACFE-9A83FBE7822F}"
EndProject
Global
	GlobalSection(SolutionConfigurationPlatforms) = preSolution
		Debug|Any CPU = Debug|Any CPU
		Release|Any CPU = Release|Any CPU
	EndGlobalSection
	GlobalSection(ProjectConfigurationPlatforms) = postSolution
		{36406888-9CDD-4190-A1AD-AEF7CB83E27A}.Debug|Any CPU.ActiveCfg = Debug|Any CPU
		{36406888-9CDD-4190-A1AD-AEF7CB83E27A}.Debug|Any CPU.Build.0 = Debug|Any CPU
		{36406888-9CDD-4190-A1AD-AEF7CB83E27A}.Release|Any CPU.ActiveCfg = Release|Any CPU
		{36406888-9CDD-4190-A1AD-AEF7CB83E27A}.Release|Any CPU.Build.0 = Release|Any CPU
		{0800AFA7-BE06-4699-ACFE-9A83FBE7822F}.Debug|Any CPU.ActiveCfg = Debug|Any CPU
		{0800AFA7-BE06-4699-ACFE-9A83FBE7822F}.Debug|Any CPU.Build.0 = Debug|Any CPU
		{0800AFA7-BE06-4699-ACFE-9A83FBE7822F}.Release|Any CPU.ActiveCfg = Release|Any CPU
		{0800AFA7-BE06-4699-ACFE-9A83FBE7822F}.Release|Any CPU.Build.0 = Release|Any CPU
	EndGlobalSection
	GlobalSection(SolutionProperties) = preSolution
		HideSolutionNode = FALSE
	EndGlobalSection
	GlobalSection(ExtensibilityGlobals) = postSolution
		SolutionGuid = {F8B7998F-871B-4FF9-82F7-98F0FBCB4DF9}
	EndGlobalSection
EndGlobal
