
Microsoft Visual Studio Solution File, Format Version 12.00
# Visual Studio 15
VisualStudioVersion = 15.0.27130.2010
MinimumVisualStudioVersion = 10.0.40219.1
Project("{FAE04EC0-301F-11D3-BF4B-00C04F79EFBC}") = "KnockKnockReadifyChallenge", "KnockKnockReadifyChallenge\KnockKnockReadifyChallenge.csproj", "{773BF484-EDB1-45FC-917D-142AE03C5933}"
EndProject
Global
	GlobalSection(SolutionConfigurationPlatforms) = preSolution
		Debug|Any CPU = Debug|Any CPU
		Release|Any CPU = Release|Any CPU
	EndGlobalSection
	GlobalSection(ProjectConfigurationPlatforms) = postSolution
		{773BF484-EDB1-45FC-917D-142AE03C5933}.Debug|Any CPU.ActiveCfg = Debug|Any CPU
		{773BF484-EDB1-45FC-917D-142AE03C5933}.Debug|Any CPU.Build.0 = Debug|Any CPU
		{773BF484-EDB1-45FC-917D-142AE03C5933}.Release|Any CPU.ActiveCfg = Release|Any CPU
		{773BF484-EDB1-45FC-917D-142AE03C5933}.Release|Any CPU.Build.0 = Release|Any CPU
	EndGlobalSection
	GlobalSection(SolutionProperties) = preSolution
		HideSolutionNode = FALSE
	EndGlobalSection
	GlobalSection(ExtensibilityGlobals) = postSolution
		SolutionGuid = {F8B7998F-871B-4FF9-82F7-98F0FBCB4DF9}
	EndGlobalSection
EndGlobal
